
Microsoft Visual Studio Solution File, Format Version 12.00
# Visual Studio Version 17
VisualStudioVersion = 17.3.32922.545
MinimumVisualStudioVersion = 10.0.40219.1
Project("{FAE04EC0-301F-11D3-BF4B-00C04F79EFBC}") = "Advent2022Day8", "Advent2022Day8\Advent2022Day8.csproj", "{28DA1CC5-7B88-4E1D-89E2-FA235235AAFA}"
EndProject
Global
	GlobalSection(SolutionConfigurationPlatforms) = preSolution
		Debug|Any CPU = Debug|Any CPU
		Release|Any CPU = Release|Any CPU
	EndGlobalSection
	GlobalSection(ProjectConfigurationPlatforms) = postSolution
		{28DA1CC5-7B88-4E1D-89E2-FA235235AAFA}.Debug|Any CPU.ActiveCfg = Debug|Any CPU
		{28DA1CC5-7B88-4E1D-89E2-FA235235AAFA}.Debug|Any CPU.Build.0 = Debug|Any CPU
		{28DA1CC5-7B88-4E1D-89E2-FA235235AAFA}.Release|Any CPU.ActiveCfg = Release|Any CPU
		{28DA1CC5-7B88-4E1D-89E2-FA235235AAFA}.Release|Any CPU.Build.0 = Release|Any CPU
	EndGlobalSection
	GlobalSection(SolutionProperties) = preSolution
		HideSolutionNode = FALSE
	EndGlobalSection
	GlobalSection(ExtensibilityGlobals) = postSolution
		SolutionGuid = {B07BC19E-F375-4010-8B7C-1B5F3441D54A}
	EndGlobalSection
EndGlobal
